{
    "name": "prettier-tsql-bundled",
    "lockfileVersion": 3,
    "requires": true,
    "packages": {
        "": {
            "name": "prettier-tsql-bundled",
            "dependencies": {
                "prettier": "^3.0.0",
                "prettier-plugin-tsql": "^0.3.0"
            }
        },
        "node_modules/node-api-dotnet": {
            "version": "0.9.19",
            "resolved": "https://registry.npmjs.org/node-api-dotnet/-/node-api-dotnet-0.9.19.tgz",
            "integrity": "sha512-7y+mPsIfebm8ftc+ZdQtC/05KT5IRK4N4Kdkb+VPpW7fLJsGupIiTOCCDZ3H4tKNPVvifNzFCbv0lak/JCKh+w==",
            "license": "MIT"
        },
        "node_modules/prettier": {
            "version": "3.8.1",
            "resolved": "https://registry.npmjs.org/prettier/-/prettier-3.8.1.tgz",
            "integrity": "sha512-UOnG6LftzbdaHZcKoPFtOcCKztrQ57WkHDeRD9t/PTQtmT0NHSeWWepj6pS0z/N7+08BHFDQVUrfmfMRcZwbMg==",
            "license": "MIT",
            "bin": {
                "prettier": "bin/prettier.cjs"
            },
            "engines": {
                "node": ">=14"
            },
            "funding": {
                "url": "https://github.com/prettier/prettier?sponsor=1"
            }
        },
        "node_modules/prettier-plugin-tsql": {
            "version": "0.3.0",
            "resolved": "https://registry.npmjs.org/prettier-plugin-tsql/-/prettier-plugin-tsql-0.3.0.tgz",
            "integrity": "sha512-BQs8jzjYKPwrwXNzpO4KwXQOP+ICZBtLBVn1LrsZBZCIJirp61XFt4yZ+iYQMu9FZ4uBwelTzHdmn2VJeTeiqA==",
            "license": "MIT",
            "dependencies": {
                "node-api-dotnet": "0.9.19"
            },
            "engines": {
                "node": ">=20.0.0"
            },
            "peerDependencies": {
                "prettier": ">=3.0.0"
            }
        }
    }
}
